
Microsoft Visual Studio Solution File, Format Version 12.00
# Visual Studio Version 17
VisualStudioVersion = 17.11.35327.3
MinimumVisualStudioVersion = 10.0.40219.1
Project("{2150E333-8FDC-42A3-9474-1A3956D46DE8}") = "Services", "Services", "{6B7BA90A-C507-45E7-B176-61DB489EDCE1}"
EndProject
Project("{2150E333-8FDC-42A3-9474-1A3956D46DE8}") = "Catalog", "Catalog", "{15FA67AF-E6C4-4A40-A7CD-088636AE3584}"
EndProject
Project("{9A19103F-16F7-4668-BE54-9A1E7A4F7556}") = "Catalog.API", "..\src\Services\Catalog\Catalog.API\Catalog.API.csproj", "{4631775C-A923-497A-8889-23CDCFB67135}"
EndProject
Project("{2150E333-8FDC-42A3-9474-1A3956D46DE8}") = "BuildingBlocks", "BuildingBlocks", "{55A8B793-D66F-4572-AC72-FF6FB89DF6FE}"
EndProject
Project("{FAE04EC0-301F-11D3-BF4B-00C04F79EFBC}") = "BuildingBlocks", "..\src\BuildingBlocks\BuildingBlocks\BuildingBlocks.csproj", "{082E4869-7DAF-4527-8D6A-D5964134DB85}"
EndProject
Global
	GlobalSection(SolutionConfigurationPlatforms) = preSolution
		Debug|Any CPU = Debug|Any CPU
		Release|Any CPU = Release|Any CPU
	EndGlobalSection
	GlobalSection(ProjectConfigurationPlatforms) = postSolution
		{4631775C-A923-497A-8889-23CDCFB67135}.Debug|Any CPU.ActiveCfg = Debug|Any CPU
		{4631775C-A923-497A-8889-23CDCFB67135}.Debug|Any CPU.Build.0 = Debug|Any CPU
		{4631775C-A923-497A-8889-23CDCFB67135}.Release|Any CPU.ActiveCfg = Release|Any CPU
		{4631775C-A923-497A-8889-23CDCFB67135}.Release|Any CPU.Build.0 = Release|Any CPU
		{082E4869-7DAF-4527-8D6A-D5964134DB85}.Debug|Any CPU.ActiveCfg = Debug|Any CPU
		{082E4869-7DAF-4527-8D6A-D5964134DB85}.Debug|Any CPU.Build.0 = Debug|Any CPU
		{082E4869-7DAF-4527-8D6A-D5964134DB85}.Release|Any CPU.ActiveCfg = Release|Any CPU
		{082E4869-7DAF-4527-8D6A-D5964134DB85}.Release|Any CPU.Build.0 = Release|Any CPU
	EndGlobalSection
	GlobalSection(SolutionProperties) = preSolution
		HideSolutionNode = FALSE
	EndGlobalSection
	GlobalSection(NestedProjects) = preSolution
		{15FA67AF-E6C4-4A40-A7CD-088636AE3584} = {6B7BA90A-C507-45E7-B176-61DB489EDCE1}
		{4631775C-A923-497A-8889-23CDCFB67135} = {15FA67AF-E6C4-4A40-A7CD-088636AE3584}
		{082E4869-7DAF-4527-8D6A-D5964134DB85} = {55A8B793-D66F-4572-AC72-FF6FB89DF6FE}
	EndGlobalSection
	GlobalSection(ExtensibilityGlobals) = postSolution
		SolutionGuid = {3B0580AD-7A71-467F-A0EB-9CD996743ADE}
	EndGlobalSection
EndGlobal
